
Microsoft Visual Studio Solution File, Format Version 12.00
# Visual Studio Version 17
VisualStudioVersion = 17.10.35122.118
MinimumVisualStudioVersion = 10.0.40219.1
Project("{FAE04EC0-301F-11D3-BF4B-00C04F79EFBC}") = "SistemaDeAlarma", "SistemaDeAlarma.csproj", "{51D7262D-CD96-4A96-8AB7-6FAE495F9FBA}"
EndProject
Global
	GlobalSection(SolutionConfigurationPlatforms) = preSolution
		Debug|Any CPU = Debug|Any CPU
		Release|Any CPU = Release|Any CPU
	EndGlobalSection
	GlobalSection(ProjectConfigurationPlatforms) = postSolution
		{51D7262D-CD96-4A96-8AB7-6FAE495F9FBA}.Debug|Any CPU.ActiveCfg = Debug|Any CPU
		{51D7262D-CD96-4A96-8AB7-6FAE495F9FBA}.Debug|Any CPU.Build.0 = Debug|Any CPU
		{51D7262D-CD96-4A96-8AB7-6FAE495F9FBA}.Release|Any CPU.ActiveCfg = Release|Any CPU
		{51D7262D-CD96-4A96-8AB7-6FAE495F9FBA}.Release|Any CPU.Build.0 = Release|Any CPU
	EndGlobalSection
	GlobalSection(SolutionProperties) = preSolution
		HideSolutionNode = FALSE
	EndGlobalSection
	GlobalSection(ExtensibilityGlobals) = postSolution
		SolutionGuid = {6CD1F61E-F4D5-4B2C-918F-0F3C09F50663}
	EndGlobalSection
EndGlobal
